
Microsoft Visual Studio Solution File, Format Version 12.00
# Visual Studio 14
VisualStudioVersion = 14.0.23107.0
MinimumVisualStudioVersion = 10.0.40219.1
Project("{FAE04EC0-301F-11D3-BF4B-00C04F79EFBC}") = "Shape.Test", "Shape.Test\Shape.Test.csproj", "{6ED01DC4-D795-420D-B447-8DFB871264D1}"
EndProject
Project("{FAE04EC0-301F-11D3-BF4B-00C04F79EFBC}") = "Shape", "Shape\Shape.csproj", "{935C0C10-50E3-4F1C-A2FC-3EB5EFA8338A}"
EndProject
Global
	GlobalSection(SolutionConfigurationPlatforms) = preSolution
		Debug|Any CPU = Debug|Any CPU
		Release|Any CPU = Release|Any CPU
	EndGlobalSection
	GlobalSection(ProjectConfigurationPlatforms) = postSolution
		{6ED01DC4-D795-420D-B447-8DFB871264D1}.Debug|Any CPU.ActiveCfg = Debug|Any CPU
		{6ED01DC4-D795-420D-B447-8DFB871264D1}.Debug|Any CPU.Build.0 = Debug|Any CPU
		{6ED01DC4-D795-420D-B447-8DFB871264D1}.Release|Any CPU.ActiveCfg = Release|Any CPU
		{6ED01DC4-D795-420D-B447-8DFB871264D1}.Release|Any CPU.Build.0 = Release|Any CPU
		{935C0C10-50E3-4F1C-A2FC-3EB5EFA8338A}.Debug|Any CPU.ActiveCfg = Debug|Any CPU
		{935C0C10-50E3-4F1C-A2FC-3EB5EFA8338A}.Debug|Any CPU.Build.0 = Debug|Any CPU
		{935C0C10-50E3-4F1C-A2FC-3EB5EFA8338A}.Release|Any CPU.ActiveCfg = Release|Any CPU
		{935C0C10-50E3-4F1C-A2FC-3EB5EFA8338A}.Release|Any CPU.Build.0 = Release|Any CPU
	EndGlobalSection
	GlobalSection(SolutionProperties) = preSolution
		HideSolutionNode = FALSE
	EndGlobalSection
EndGlobal
